
Microsoft Visual Studio Solution File, Format Version 12.00
# Visual Studio Version 17
VisualStudioVersion = 17.11.35327.3
MinimumVisualStudioVersion = 10.0.40219.1
Project("{FAE04EC0-301F-11D3-BF4B-00C04F79EFBC}") = "ProductProvider", "ProductProvider\ProductProvider.csproj", "{3A8CFF8A-A5D8-4711-8837-DF421A58193D}"
	ProjectSection(ProjectDependencies) = postProject
		{E6F2A4E8-8FC3-4ED2-AA86-F97A1619BC2B} = {E6F2A4E8-8FC3-4ED2-AA86-F97A1619BC2B}
	EndProjectSection
EndProject
Project("{FAE04EC0-301F-11D3-BF4B-00C04F79EFBC}") = "ProductProvider.Infrastructure", "ProductProvider.Infrastructure\ProductProvider.Infrastructure.csproj", "{E6F2A4E8-8FC3-4ED2-AA86-F97A1619BC2B}"
EndProject
Global
	GlobalSection(SolutionConfigurationPlatforms) = preSolution
		Debug|Any CPU = Debug|Any CPU
		Release|Any CPU = Release|Any CPU
	EndGlobalSection
	GlobalSection(ProjectConfigurationPlatforms) = postSolution
		{3A8CFF8A-A5D8-4711-8837-DF421A58193D}.Debug|Any CPU.ActiveCfg = Debug|Any CPU
		{3A8CFF8A-A5D8-4711-8837-DF421A58193D}.Debug|Any CPU.Build.0 = Debug|Any CPU
		{3A8CFF8A-A5D8-4711-8837-DF421A58193D}.Release|Any CPU.ActiveCfg = Release|Any CPU
		{3A8CFF8A-A5D8-4711-8837-DF421A58193D}.Release|Any CPU.Build.0 = Release|Any CPU
		{E6F2A4E8-8FC3-4ED2-AA86-F97A1619BC2B}.Debug|Any CPU.ActiveCfg = Debug|Any CPU
		{E6F2A4E8-8FC3-4ED2-AA86-F97A1619BC2B}.Debug|Any CPU.Build.0 = Debug|Any CPU
		{E6F2A4E8-8FC3-4ED2-AA86-F97A1619BC2B}.Release|Any CPU.ActiveCfg = Release|Any CPU
		{E6F2A4E8-8FC3-4ED2-AA86-F97A1619BC2B}.Release|Any CPU.Build.0 = Release|Any CPU
	EndGlobalSection
	GlobalSection(SolutionProperties) = preSolution
		HideSolutionNode = FALSE
	EndGlobalSection
	GlobalSection(ExtensibilityGlobals) = postSolution
		SolutionGuid = {9F72EAAD-B399-4639-AEDF-BDEBEF947B1B}
	EndGlobalSection
EndGlobal
